// !$*UTF8*$!
{
	archiveVersion = 1;
	classes = {
	};
	objectVersion = 46;
	objects = {

/* Begin PBXBuildFile section */
		385E2B3418BAAC48C15636E2 /* Pods.framework in Frameworks */ = {isa = PBXBuildFile; fileRef = 33FF4B30F68DA2337E4E8B1B /* Pods.framework */; };
		DE97A4FD1C7E156800E46226 /* TranslationVC.swift in Sources */ = {isa = PBXBuildFile; fileRef = DE97A4FC1C7E156800E46226 /* TranslationVC.swift */; };
		DE97A4FF1C7E1B4900E46226 /* cityscape1024x768 v1.jpg in Resources */ = {isa = PBXBuildFile; fileRef = DE97A4FE1C7E1B4900E46226 /* cityscape1024x768 v1.jpg */; };
		DE97A5011C7E1B5100E46226 /* cityscape2048x1536v1.jpg in Resources */ = {isa = PBXBuildFile; fileRef = DE97A5001C7E1B5100E46226 /* cityscape2048x1536v1.jpg */; };
		DEB740831C2095F5004A9C00 /* AppDelegate.swift in Sources */ = {isa = PBXBuildFile; fileRef = DEB740821C2095F5004A9C00 /* AppDelegate.swift */; };
		DEB740851C2095F5004A9C00 /* MainViewController.swift in Sources */ = {isa = PBXBuildFile; fileRef = DEB740841C2095F5004A9C00 /* MainViewController.swift */; };
		DEB740881C2095F5004A9C00 /* Main.storyboard in Resources */ = {isa = PBXBuildFile; fileRef = DEB740861C2095F5004A9C00 /* Main.storyboard */; };
		DEB7408A1C2095F5004A9C00 /* Assets.xcassets in Resources */ = {isa = PBXBuildFile; fileRef = DEB740891C2095F5004A9C00 /* Assets.xcassets */; };
		DEB7408D1C2095F5004A9C00 /* LaunchScreen.storyboard in Resources */ = {isa = PBXBuildFile; fileRef = DEB7408B1C2095F5004A9C00 /* LaunchScreen.storyboard */; };
		DEB740981C2095F5004A9C00 /* InfoCenterTests.swift in Sources */ = {isa = PBXBuildFile; fileRef = DEB740971C2095F5004A9C00 /* InfoCenterTests.swift */; };
		DEB740A31C2095F5004A9C00 /* InfoCenterUITests.swift in Sources */ = {isa = PBXBuildFile; fileRef = DEB740A21C2095F5004A9C00 /* InfoCenterUITests.swift */; };
		DEB740B71C20D8E9004A9C00 /* hand-pointing-clipart-black-and-white-pointing-finger-without-shade-md.png in Resources */ = {isa = PBXBuildFile; fileRef = DEB740B61C20D8E9004A9C00 /* hand-pointing-clipart-black-and-white-pointing-finger-without-shade-md.png */; };
		DEB740B91C20DF6C004A9C00 /* blue finger pointing.png in Resources */ = {isa = PBXBuildFile; fileRef = DEB740B81C20DF6C004A9C00 /* blue finger pointing.png */; };
		DEB740BB1C20ED43004A9C00 /* cityscape 2048x2048 v1.jpg in Resources */ = {isa = PBXBuildFile; fileRef = DEB740BA1C20ED43004A9C00 /* cityscape 2048x2048 v1.jpg */; };
		DEB740BD1C21DFF5004A9C00 /* Mic-Green.jpeg in Resources */ = {isa = PBXBuildFile; fileRef = DEB740BC1C21DFF5004A9C00 /* Mic-Green.jpeg */; };
		DEDC2FF51C8A4E7B003CF27D /* SettingsViewController.swift in Sources */ = {isa = PBXBuildFile; fileRef = DEDC2FF41C8A4E7B003CF27D /* SettingsViewController.swift */; };
/* End PBXBuildFile section */

/* Begin PBXContainerItemProxy section */
		DEB740941C2095F5004A9C00 /* PBXContainerItemProxy */ = {
			isa = PBXContainerItemProxy;
			containerPortal = DEB740771C2095F5004A9C00 /* Project object */;
			proxyType = 1;
			remoteGlobalIDString = DEB7407E1C2095F5004A9C00;
			remoteInfo = InfoCenter;
		};
		DEB7409F1C2095F5004A9C00 /* PBXContainerItemProxy */ = {
			isa = PBXContainerItemProxy;
			containerPortal = DEB740771C2095F5004A9C00 /* Project object */;
			proxyType = 1;
			remoteGlobalIDString = DEB7407E1C2095F5004A9C00;
			remoteInfo = InfoCenter;
		};
/* End PBXContainerItemProxy section */

/* Begin PBXFileReference section */
		33FF4B30F68DA2337E4E8B1B /* Pods.framework */ = {isa = PBXFileReference; explicitFileType = wrapper.framework; includeInIndex = 0; path = Pods.framework; sourceTree = BUILT_PRODUCTS_DIR; };
		99B35CFB89B611B7D7087E71 /* Pods.debug.xcconfig */ = {isa = PBXFileReference; includeInIndex = 1; lastKnownFileType = text.xcconfig; name = Pods.debug.xcconfig; path = "Pods/Target Support Files/Pods/Pods.debug.xcconfig"; sourceTree = "<group>"; };
		D7AA0807EC1CEB1F6A16A5BC /* Pods.release.xcconfig */ = {isa = PBXFileReference; includeInIndex = 1; lastKnownFileType = text.xcconfig; name = Pods.release.xcconfig; path = "Pods/Target Support Files/Pods/Pods.release.xcconfig"; sourceTree = "<group>"; };
		DE97A4FC1C7E156800E46226 /* TranslationVC.swift */ = {isa = PBXFileReference; fileEncoding = 4; lastKnownFileType = sourcecode.swift; path = TranslationVC.swift; sourceTree = "<group>"; };
		DE97A4FE1C7E1B4900E46226 /* cityscape1024x768 v1.jpg */ = {isa = PBXFileReference; lastKnownFileType = image.jpeg; path = "cityscape1024x768 v1.jpg"; sourceTree = "<group>"; };
		DE97A5001C7E1B5100E46226 /* cityscape2048x1536v1.jpg */ = {isa = PBXFileReference; lastKnownFileType = image.jpeg; path = cityscape2048x1536v1.jpg; sourceTree = "<group>"; };
		DEB7407F1C2095F5004A9C00 /* InfoCenter.app */ = {isa = PBXFileReference; explicitFileType = wrapper.application; includeInIndex = 0; path = InfoCenter.app; sourceTree = BUILT_PRODUCTS_DIR; };
		DEB740821C2095F5004A9C00 /* AppDelegate.swift */ = {isa = PBXFileReference; lastKnownFileType = sourcecode.swift; path = AppDelegate.swift; sourceTree = "<group>"; };
		DEB740841C2095F5004A9C00 /* MainViewController.swift */ = {isa = PBXFileReference; lastKnownFileType = sourcecode.swift; path = MainViewController.swift; sourceTree = "<group>"; };
		DEB740871C2095F5004A9C00 /* Base */ = {isa = PBXFileReference; lastKnownFileType = file.storyboard; name = Base; path = Base.lproj/Main.storyboard; sourceTree = "<group>"; };
		DEB740891C2095F5004A9C00 /* Assets.xcassets */ = {isa = PBXFileReference; lastKnownFileType = folder.assetcatalog; path = Assets.xcassets; sourceTree = "<group>"; };
		DEB7408C1C2095F5004A9C00 /* Base */ = {isa = PBXFileReference; lastKnownFileType = file.storyboard; name = Base; path = Base.lproj/LaunchScreen.storyboard; sourceTree = "<group>"; };
		DEB7408E1C2095F5004A9C00 /* Info.plist */ = {isa = PBXFileReference; lastKnownFileType = text.plist.xml; path = Info.plist; sourceTree = "<group>"; };
		DEB740931C2095F5004A9C00 /* InfoCenterTests.xctest */ = {isa = PBXFileReference; explicitFileType = wrapper.cfbundle; includeInIndex = 0; path = InfoCenterTests.xctest; sourceTree = BUILT_PRODUCTS_DIR; };
		DEB740971C2095F5004A9C00 /* InfoCenterTests.swift */ = {isa = PBXFileReference; lastKnownFileType = sourcecode.swift; path = InfoCenterTests.swift; sourceTree = "<group>"; };
		DEB740991C2095F5004A9C00 /* Info.plist */ = {isa = PBXFileReference; lastKnownFileType = text.plist.xml; path = Info.plist; sourceTree = "<group>"; };
		DEB7409E1C2095F5004A9C00 /* InfoCenterUITests.xctest */ = {isa = PBXFileReference; explicitFileType = wrapper.cfbundle; includeInIndex = 0; path = InfoCenterUITests.xctest; sourceTree = BUILT_PRODUCTS_DIR; };
		DEB740A21C2095F5004A9C00 /* InfoCenterUITests.swift */ = {isa = PBXFileReference; lastKnownFileType = sourcecode.swift; path = InfoCenterUITests.swift; sourceTree = "<group>"; };
		DEB740A41C2095F5004A9C00 /* Info.plist */ = {isa = PBXFileReference; lastKnownFileType = text.plist.xml; path = Info.plist; sourceTree = "<group>"; };
		DEB740B61C20D8E9004A9C00 /* hand-pointing-clipart-black-and-white-pointing-finger-without-shade-md.png */ = {isa = PBXFileReference; lastKnownFileType = image.png; path = "hand-pointing-clipart-black-and-white-pointing-finger-without-shade-md.png"; sourceTree = "<group>"; };
		DEB740B81C20DF6C004A9C00 /* blue finger pointing.png */ = {isa = PBXFileReference; lastKnownFileType = image.png; path = "blue finger pointing.png"; sourceTree = "<group>"; };
		DEB740BA1C20ED43004A9C00 /* cityscape 2048x2048 v1.jpg */ = {isa = PBXFileReference; lastKnownFileType = image.jpeg; path = "cityscape 2048x2048 v1.jpg"; sourceTree = "<group>"; };
		DEB740BC1C21DFF5004A9C00 /* Mic-Green.jpeg */ = {isa = PBXFileReference; lastKnownFileType = image.jpeg; path = "Mic-Green.jpeg"; sourceTree = "<group>"; };
		DEDC2FF41C8A4E7B003CF27D /* SettingsViewController.swift */ = {isa = PBXFileReference; fileEncoding = 4; lastKnownFileType = sourcecode.swift; path = SettingsViewController.swift; sourceTree = "<group>"; };
/* End PBXFileReference section */

/* Begin PBXFrameworksBuildPhase section */
		DEB7407C1C2095F5004A9C00 /* Frameworks */ = {
			isa = PBXFrameworksBuildPhase;
			buildActionMask = 2147483647;
			files = (
				385E2B3418BAAC48C15636E2 /* Pods.framework in Frameworks */,
			);
			runOnlyForDeploymentPostprocessing = 0;
		};
		DEB740901C2095F5004A9C00 /* Frameworks */ = {
			isa = PBXFrameworksBuildPhase;
			buildActionMask = 2147483647;
			files = (
			);
			runOnlyForDeploymentPostprocessing = 0;
		};
		DEB7409B1C2095F5004A9C00 /* Frameworks */ = {
			isa = PBXFrameworksBuildPhase;
			buildActionMask = 2147483647;
			files = (
			);
			runOnlyForDeploymentPostprocessing = 0;
		};
/* End PBXFrameworksBuildPhase section */

/* Begin PBXGroup section */
		909161CFBF4B2A2C654E9548 /* Frameworks */ = {
			isa = PBXGroup;
			children = (
				33FF4B30F68DA2337E4E8B1B /* Pods.framework */,
			);
			name = Frameworks;
			sourceTree = "<group>";
		};
		D87062E1F5BA08E8B50F2F74 /* Pods */ = {
			isa = PBXGroup;
			children = (
				99B35CFB89B611B7D7087E71 /* Pods.debug.xcconfig */,
				D7AA0807EC1CEB1F6A16A5BC /* Pods.release.xcconfig */,
			);
			name = Pods;
			sourceTree = "<group>";
		};
		DEB740761C2095F5004A9C00 = {
			isa = PBXGroup;
			children = (
				DEB740811C2095F5004A9C00 /* InfoCenter */,
				DEB740961C2095F5004A9C00 /* InfoCenterTests */,
				DEB740A11C2095F5004A9C00 /* InfoCenterUITests */,
				DEB740801C2095F5004A9C00 /* Products */,
				D87062E1F5BA08E8B50F2F74 /* Pods */,
				909161CFBF4B2A2C654E9548 /* Frameworks */,
			);
			sourceTree = "<group>";
		};
		DEB740801C2095F5004A9C00 /* Products */ = {
			isa = PBXGroup;
			children = (
				DEB7407F1C2095F5004A9C00 /* InfoCenter.app */,
				DEB740931C2095F5004A9C00 /* InfoCenterTests.xctest */,
				DEB7409E1C2095F5004A9C00 /* InfoCenterUITests.xctest */,
			);
			name = Products;
			sourceTree = "<group>";
		};
		DEB740811C2095F5004A9C00 /* InfoCenter */ = {
			isa = PBXGroup;
			children = (
				DEB740821C2095F5004A9C00 /* AppDelegate.swift */,
				DEB740841C2095F5004A9C00 /* MainViewController.swift */,
				DE97A4FC1C7E156800E46226 /* TranslationVC.swift */,
				DEDC2FF41C8A4E7B003CF27D /* SettingsViewController.swift */,
				DEB740861C2095F5004A9C00 /* Main.storyboard */,
				DEB740891C2095F5004A9C00 /* Assets.xcassets */,
				DEB7408B1C2095F5004A9C00 /* LaunchScreen.storyboard */,
				DEB7408E1C2095F5004A9C00 /* Info.plist */,
				DEB740B61C20D8E9004A9C00 /* hand-pointing-clipart-black-and-white-pointing-finger-without-shade-md.png */,
				DEB740B81C20DF6C004A9C00 /* blue finger pointing.png */,
				DE97A5001C7E1B5100E46226 /* cityscape2048x1536v1.jpg */,
				DE97A4FE1C7E1B4900E46226 /* cityscape1024x768 v1.jpg */,
				DEB740BA1C20ED43004A9C00 /* cityscape 2048x2048 v1.jpg */,
				DEB740BC1C21DFF5004A9C00 /* Mic-Green.jpeg */,
			);
			path = InfoCenter;
			sourceTree = "<group>";
		};
		DEB740961C2095F5004A9C00 /* InfoCenterTests */ = {
			isa = PBXGroup;
			children = (
				DEB740971C2095F5004A9C00 /* InfoCenterTests.swift */,
				DEB740991C2095F5004A9C00 /* Info.plist */,
			);
			path = InfoCenterTests;
			sourceTree = "<group>";
		};
		DEB740A11C2095F5004A9C00 /* InfoCenterUITests */ = {
			isa = PBXGroup;
			children = (
				DEB740A21C2095F5004A9C00 /* InfoCenterUITests.swift */,
				DEB740A41C2095F5004A9C00 /* Info.plist */,
			);
			path = InfoCenterUITests;
			sourceTree = "<group>";
		};
/* End PBXGroup section */

/* Begin PBXNativeTarget section */
		DEB7407E1C2095F5004A9C00 /* InfoCenter */ = {
			isa = PBXNativeTarget;
			buildConfigurationList = DEB740A71C2095F5004A9C00 /* Build configuration list for PBXNativeTarget "InfoCenter" */;
			buildPhases = (
				3266989C500F37582701CA6D /* Check Pods Manifest.lock */,
				DEB7407B1C2095F5004A9C00 /* Sources */,
				DEB7407C1C2095F5004A9C00 /* Frameworks */,
				DEB7407D1C2095F5004A9C00 /* Resources */,
				AB09469AFE95094379EE050A /* Embed Pods Frameworks */,
				350BE163C654372EC53B98DC /* Copy Pods Resources */,
			);
			buildRules = (
			);
			dependencies = (
			);
			name = InfoCenter;
			productName = InfoCenter;
			productReference = DEB7407F1C2095F5004A9C00 /* InfoCenter.app */;
			productType = "com.apple.product-type.application";
		};
		DEB740921C2095F5004A9C00 /* InfoCenterTests */ = {
			isa = PBXNativeTarget;
			buildConfigurationList = DEB740AA1C2095F5004A9C00 /* Build configuration list for PBXNativeTarget "InfoCenterTests" */;
			buildPhases = (
				DEB7408F1C2095F5004A9C00 /* Sources */,
				DEB740901C2095F5004A9C00 /* Frameworks */,
				DEB740911C2095F5004A9C00 /* Resources */,
			);
			buildRules = (
			);
			dependencies = (
				DEB740951C2095F5004A9C00 /* PBXTargetDependency */,
			);
			name = InfoCenterTests;
			productName = InfoCenterTests;
			productReference = DEB740931C2095F5004A9C00 /* InfoCenterTests.xctest */;
			productType = "com.apple.product-type.bundle.unit-test";
		};
		DEB7409D1C2095F5004A9C00 /* InfoCenterUITests */ = {
			isa = PBXNativeTarget;
			buildConfigurationList = DEB740AD1C2095F5004A9C00 /* Build configuration list for PBXNativeTarget "InfoCenterUITests" */;
			buildPhases = (
				DEB7409A1C2095F5004A9C00 /* Sources */,
				DEB7409B1C2095F5004A9C00 /* Frameworks */,
				DEB7409C1C2095F5004A9C00 /* Resources */,
			);
			buildRules = (
			);
			dependencies = (
				DEB740A01C2095F5004A9C00 /* PBXTargetDependency */,
			);
			name = InfoCenterUITests;
			productName = InfoCenterUITests;
			productReference = DEB7409E1C2095F5004A9C00 /* InfoCenterUITests.xctest */;
			productType = "com.apple.product-type.bundle.ui-testing";
		};
/* End PBXNativeTarget section */

/* Begin PBXProject section */
		DEB740771C2095F5004A9C00 /* Project object */ = {
			isa = PBXProject;
			attributes = {
				LastSwiftUpdateCheck = 0710;
				LastUpgradeCheck = 0710;
				ORGANIZATIONNAME = MSTranslatorMac;
				TargetAttributes = {
					DEB7407E1C2095F5004A9C00 = {
						CreatedOnToolsVersion = 7.1.1;
						DevelopmentTeam = JF5AMEJL94;
					};
					DEB740921C2095F5004A9C00 = {
						CreatedOnToolsVersion = 7.1.1;
						TestTargetID = DEB7407E1C2095F5004A9C00;
					};
					DEB7409D1C2095F5004A9C00 = {
						CreatedOnToolsVersion = 7.1.1;
						TestTargetID = DEB7407E1C2095F5004A9C00;
					};
				};
			};
			buildConfigurationList = DEB7407A1C2095F5004A9C00 /* Build configuration list for PBXProject "InfoCenter" */;
			compatibilityVersion = "Xcode 3.2";
			developmentRegion = English;
			hasScannedForEncodings = 0;
			knownRegions = (
				en,
				Base,
			);
			mainGroup = DEB740761C2095F5004A9C00;
			productRefGroup = DEB740801C2095F5004A9C00 /* Products */;
			projectDirPath = "";
			projectRoot = "";
			targets = (
				DEB7407E1C2095F5004A9C00 /* InfoCenter */,
				DEB740921C2095F5004A9C00 /* InfoCenterTests */,
				DEB7409D1C2095F5004A9C00 /* InfoCenterUITests */,
			);
		};
/* End PBXProject section */

/* Begin PBXResourcesBuildPhase section */
		DEB7407D1C2095F5004A9C00 /* Resources */ = {
			isa = PBXResourcesBuildPhase;
			buildActionMask = 2147483647;
			files = (
				DEB740BD1C21DFF5004A9C00 /* Mic-Green.jpeg in Resources */,
				DEB740B91C20DF6C004A9C00 /* blue finger pointing.png in Resources */,
				DEB740BB1C20ED43004A9C00 /* cityscape 2048x2048 v1.jpg in Resources */,
				DEB7408D1C2095F5004A9C00 /* LaunchScreen.storyboard in Resources */,
				DEB7408A1C2095F5004A9C00 /* Assets.xcassets in Resources */,
				DE97A5011C7E1B5100E46226 /* cityscape2048x1536v1.jpg in Resources */,
				DEB740881C2095F5004A9C00 /* Main.storyboard in Resources */,
				DEB740B71C20D8E9004A9C00 /* hand-pointing-clipart-black-and-white-pointing-finger-without-shade-md.png in Resources */,
				DE97A4FF1C7E1B4900E46226 /* cityscape1024x768 v1.jpg in Resources */,
			);
			runOnlyForDeploymentPostprocessing = 0;
		};
		DEB740911C2095F5004A9C00 /* Resources */ = {
			isa = PBXResourcesBuildPhase;
			buildActionMask = 2147483647;
			files = (
			);
			runOnlyForDeploymentPostprocessing = 0;
		};
		DEB7409C1C2095F5004A9C00 /* Resources */ = {
			isa = PBXResourcesBuildPhase;
			buildActionMask = 2147483647;
			files = (
			);
			runOnlyForDeploymentPostprocessing = 0;
		};
/* End PBXResourcesBuildPhase section */

/* Begin PBXShellScriptBuildPhase section */
		3266989C500F37582701CA6D /* Check Pods Manifest.lock */ = {
			isa = PBXShellScriptBuildPhase;
			buildActionMask = 2147483647;
			files = (
			);
			inputPaths = (
			);
			name = "Check Pods Manifest.lock";
			outputPaths = (
			);
			runOnlyForDeploymentPostprocessing = 0;
			shellPath = /bin/sh;
			shellScript = "diff \"${PODS_ROOT}/../Podfile.lock\" \"${PODS_ROOT}/Manifest.lock\" > /dev/null\nif [[ $? != 0 ]] ; then\n    cat << EOM\nerror: The sandbox is not in sync with the Podfile.lock. Run 'pod install' or update your CocoaPods installation.\nEOM\n    exit 1\nfi\n";
			showEnvVarsInLog = 0;
		};
		350BE163C654372EC53B98DC /* Copy Pods Resources */ = {
			isa = PBXShellScriptBuildPhase;
			buildActionMask = 2147483647;
			files = (
			);
			inputPaths = (
			);
			name = "Copy Pods Resources";
			outputPaths = (
			);
			runOnlyForDeploymentPostprocessing = 0;
			shellPath = /bin/sh;
			shellScript = "\"${SRCROOT}/Pods/Target Support Files/Pods/Pods-resources.sh\"\n";
			showEnvVarsInLog = 0;
		};
		AB09469AFE95094379EE050A /* Embed Pods Frameworks */ = {
			isa = PBXShellScriptBuildPhase;
			buildActionMask = 2147483647;
			files = (
			);
			inputPaths = (
			);
			name = "Embed Pods Frameworks";
			outputPaths = (
			);
			runOnlyForDeploymentPostprocessing = 0;
			shellPath = /bin/sh;
			shellScript = "\"${SRCROOT}/Pods/Target Support Files/Pods/Pods-frameworks.sh\"\n";
			showEnvVarsInLog = 0;
		};
/* End PBXShellScriptBuildPhase section */

/* Begin PBXSourcesBuildPhase section */
		DEB7407B1C2095F5004A9C00 /* Sources */ = {
			isa = PBXSourcesBuildPhase;
			buildActionMask = 2147483647;
			files = (
				DE97A4FD1C7E156800E46226 /* TranslationVC.swift in Sources */,
				DEB740851C2095F5004A9C00 /* MainViewController.swift in Sources */,
				DEDC2FF51C8A4E7B003CF27D /* SettingsViewController.swift in Sources */,
				DEB740831C2095F5004A9C00 /* AppDelegate.swift in Sources */,
			);
			runOnlyForDeploymentPostprocessing = 0;
		};
		DEB7408F1C2095F5004A9C00 /* Sources */ = {
			isa = PBXSourcesBuildPhase;
			buildActionMask = 2147483647;
			files = (
				DEB740981C2095F5004A9C00 /* InfoCenterTests.swift in Sources */,
			);
			runOnlyForDeploymentPostprocessing = 0;
		};
		DEB7409A1C2095F5004A9C00 /* Sources */ = {
			isa = PBXSourcesBuildPhase;
			buildActionMask = 2147483647;
			files = (
				DEB740A31C2095F5004A9C00 /* InfoCenterUITests.swift in Sources */,
			);
			runOnlyForDeploymentPostprocessing = 0;
		};
/* End PBXSourcesBuildPhase section */

/* Begin PBXTargetDependency section */
		DEB740951C2095F5004A9C00 /* PBXTargetDependency */ = {
			isa = PBXTargetDependency;
			target = DEB7407E1C2095F5004A9C00 /* InfoCenter */;
			targetProxy = DEB740941C2095F5004A9C00 /* PBXContainerItemProxy */;
		};
		DEB740A01C2095F5004A9C00 /* PBXTargetDependency */ = {
			isa = PBXTargetDependency;
			target = DEB7407E1C2095F5004A9C00 /* InfoCenter */;
			targetProxy = DEB7409F1C2095F5004A9C00 /* PBXContainerItemProxy */;
		};
/* End PBXTargetDependency section */

/* Begin PBXVariantGroup section */
		DEB740861C2095F5004A9C00 /* Main.storyboard */ = {
			isa = PBXVariantGroup;
			children = (
				DEB740871C2095F5004A9C00 /* Base */,
			);
			name = Main.storyboard;
			sourceTree = "<group>";
		};
		DEB7408B1C2095F5004A9C00 /* LaunchScreen.storyboard */ = {
			isa = PBXVariantGroup;
			children = (
				DEB7408C1C2095F5004A9C00 /* Base */,
			);
			name = LaunchScreen.storyboard;
			sourceTree = "<group>";
		};
/* End PBXVariantGroup section */

/* Begin XCBuildConfiguration section */
		DEB740A51C2095F5004A9C00 /* Debug */ = {
			isa = XCBuildConfiguration;
			buildSettings = {
				ALWAYS_SEARCH_USER_PATHS = NO;
				CLANG_CXX_LANGUAGE_STANDARD = "gnu++0x";
				CLANG_CXX_LIBRARY = "libc++";
				CLANG_ENABLE_MODULES = YES;
				CLANG_ENABLE_OBJC_ARC = YES;
				CLANG_WARN_BOOL_CONVERSION = YES;
				CLANG_WARN_CONSTANT_CONVERSION = YES;
				CLANG_WARN_DIRECT_OBJC_ISA_USAGE = YES_ERROR;
				CLANG_WARN_EMPTY_BODY = YES;
				CLANG_WARN_ENUM_CONVERSION = YES;
				CLANG_WARN_INT_CONVERSION = YES;
				CLANG_WARN_OBJC_ROOT_CLASS = YES_ERROR;
				CLANG_WARN_UNREACHABLE_CODE = YES;
				CLANG_WARN__DUPLICATE_METHOD_MATCH = YES;
				"CODE_SIGN_IDENTITY[sdk=iphoneos*]" = "iPhone Developer";
				COPY_PHASE_STRIP = NO;
				DEBUG_INFORMATION_FORMAT = dwarf;
				ENABLE_STRICT_OBJC_MSGSEND = YES;
				ENABLE_TESTABILITY = YES;
				GCC_C_LANGUAGE_STANDARD = gnu99;
				GCC_DYNAMIC_NO_PIC = NO;
				GCC_NO_COMMON_BLOCKS = YES;
				GCC_OPTIMIZATION_LEVEL = 0;
				GCC_PREPROCESSOR_DEFINITIONS = (
					"DEBUG=1",
					"$(inherited)",
				);
				GCC_WARN_64_TO_32_BIT_CONVERSION = YES;
				GCC_WARN_ABOUT_RETURN_TYPE = YES_ERROR;
				GCC_WARN_UNDECLARED_SELECTOR = YES;
				GCC_WARN_UNINITIALIZED_AUTOS = YES_AGGRESSIVE;
				GCC_WARN_UNUSED_FUNCTION = YES;
				GCC_WARN_UNUSED_VARIABLE = YES;
				IPHONEOS_DEPLOYMENT_TARGET = 9.1;
				MTL_ENABLE_DEBUG_INFO = YES;
				ONLY_ACTIVE_ARCH = YES;
				SDKROOT = iphoneos;
				SWIFT_OPTIMIZATION_LEVEL = "-Onone";
				TARGETED_DEVICE_FAMILY = 2;
			};
			name = Debug;
		};
		DEB740A61C2095F5004A9C00 /* Release */ = {
			isa = XCBuildConfiguration;
			buildSettings = {
				ALWAYS_SEARCH_USER_PATHS = NO;
				CLANG_CXX_LANGUAGE_STANDARD = "gnu++0x";
				CLANG_CXX_LIBRARY = "libc++";
				CLANG_ENABLE_MODULES = YES;
				CLANG_ENABLE_OBJC_ARC = YES;
				CLANG_WARN_BOOL_CONVERSION = YES;
				CLANG_WARN_CONSTANT_CONVERSION = YES;
				CLANG_WARN_DIRECT_OBJC_ISA_USAGE = YES_ERROR;
				CLANG_WARN_EMPTY_BODY = YES;
				CLANG_WARN_ENUM_CONVERSION = YES;
				CLANG_WARN_INT_CONVERSION = YES;
				CLANG_WARN_OBJC_ROOT_CLASS = YES_ERROR;
				CLANG_WARN_UNREACHABLE_CODE = YES;
				CLANG_WARN__DUPLICATE_METHOD_MATCH = YES;
				"CODE_SIGN_IDENTITY[sdk=iphoneos*]" = "iPhone Developer";
				COPY_PHASE_STRIP = NO;
				DEBUG_INFORMATION_FORMAT = "dwarf-with-dsym";
				ENABLE_NS_ASSERTIONS = NO;
				ENABLE_STRICT_OBJC_MSGSEND = YES;
				GCC_C_LANGUAGE_STANDARD = gnu99;
				GCC_NO_COMMON_BLOCKS = YES;
				GCC_WARN_64_TO_32_BIT_CONVERSION = YES;
				GCC_WARN_ABOUT_RETURN_TYPE = YES_ERROR;
				GCC_WARN_UNDECLARED_SELECTOR = YES;
				GCC_WARN_UNINITIALIZED_AUTOS = YES_AGGRESSIVE;
				GCC_WARN_UNUSED_FUNCTION = YES;
				GCC_WARN_UNUSED_VARIABLE = YES;
				IPHONEOS_DEPLOYMENT_TARGET = 9.1;
				MTL_ENABLE_DEBUG_INFO = NO;
				SDKROOT = iphoneos;
				TARGETED_DEVICE_FAMILY = 2;
				VALIDATE_PRODUCT = YES;
			};
			name = Release;
		};
		DEB740A81C2095F5004A9C00 /* Debug */ = {
			isa = XCBuildConfiguration;
			baseConfigurationReference = 99B35CFB89B611B7D7087E71 /* Pods.debug.xcconfig */;
			buildSettings = {
				ASSETCATALOG_COMPILER_APPICON_NAME = AppIcon;
				CODE_SIGN_IDENTITY = "iPhone Developer";
				"CODE_SIGN_IDENTITY[sdk=iphoneos*]" = "iPhone Developer";
				INFOPLIST_FILE = InfoCenter/Info.plist;
				LD_RUNPATH_SEARCH_PATHS = "$(inherited) @executable_path/Frameworks";
				PRODUCT_BUNDLE_IDENTIFIER = MST.InfoCenter;
				PRODUCT_NAME = "$(TARGET_NAME)";
				PROVISIONING_PROFILE = "";
			};
			name = Debug;
		};
		DEB740A91C2095F5004A9C00 /* Release */ = {
			isa = XCBuildConfiguration;
			baseConfigurationReference = D7AA0807EC1CEB1F6A16A5BC /* Pods.release.xcconfig */;
			buildSettings = {
				ASSETCATALOG_COMPILER_APPICON_NAME = AppIcon;
				CODE_SIGN_IDENTITY = "iPhone Developer";
				"CODE_SIGN_IDENTITY[sdk=iphoneos*]" = "iPhone Developer";
				INFOPLIST_FILE = InfoCenter/Info.plist;
				LD_RUNPATH_SEARCH_PATHS = "$(inherited) @executable_path/Frameworks";
				PRODUCT_BUNDLE_IDENTIFIER = MST.InfoCenter;
				PRODUCT_NAME = "$(TARGET_NAME)";
				PROVISIONING_PROFILE = "";
			};
			name = Release;
		};
		DEB740AB1C2095F5004A9C00 /* Debug */ = {
			isa = XCBuildConfiguration;
			buildSettings = {
				BUNDLE_LOADER = "$(TEST_HOST)";
				INFOPLIST_FILE = InfoCenterTests/Info.plist;
				LD_RUNPATH_SEARCH_PATHS = "$(inherited) @executable_path/Frameworks @loader_path/Frameworks";
				PRODUCT_BUNDLE_IDENTIFIER = MST.InfoCenterTests;
				PRODUCT_NAME = "$(TARGET_NAME)";
				TEST_HOST = "$(BUILT_PRODUCTS_DIR)/InfoCenter.app/InfoCenter";
			};
			name = Debug;
		};
		DEB740AC1C2095F5004A9C00 /* Release */ = {
			isa = XCBuildConfiguration;
			buildSettings = {
				BUNDLE_LOADER = "$(TEST_HOST)";
				INFOPLIST_FILE = InfoCenterTests/Info.plist;
				LD_RUNPATH_SEARCH_PATHS = "$(inherited) @executable_path/Frameworks @loader_path/Frameworks";
				PRODUCT_BUNDLE_IDENTIFIER = MST.InfoCenterTests;
				PRODUCT_NAME = "$(TARGET_NAME)";
				TEST_HOST = "$(BUILT_PRODUCTS_DIR)/InfoCenter.app/InfoCenter";
			};
			name = Release;
		};
		DEB740AE1C2095F5004A9C00 /* Debug */ = {
			isa = XCBuildConfiguration;
			buildSettings = {
				INFOPLIST_FILE = InfoCenterUITests/Info.plist;
				LD_RUNPATH_SEARCH_PATHS = "$(inherited) @executable_path/Frameworks @loader_path/Frameworks";
				PRODUCT_BUNDLE_IDENTIFIER = MST.InfoCenterUITests;
				PRODUCT_NAME = "$(TARGET_NAME)";
				TEST_TARGET_NAME = InfoCenter;
				USES_XCTRUNNER = YES;
			};
			name = Debug;
		};
		DEB740AF1C2095F5004A9C00 /* Release */ = {
			isa = XCBuildConfiguration;
			buildSettings = {
				INFOPLIST_FILE = InfoCenterUITests/Info.plist;
				LD_RUNPATH_SEARCH_PATHS = "$(inherited) @executable_path/Frameworks @loader_path/Frameworks";
				PRODUCT_BUNDLE_IDENTIFIER = MST.InfoCenterUITests;
				PRODUCT_NAME = "$(TARGET_NAME)";
				TEST_TARGET_NAME = InfoCenter;
				USES_XCTRUNNER = YES;
			};
			name = Release;
		};
/* End XCBuildConfiguration section */

/* Begin XCConfigurationList section */
		DEB7407A1C2095F5004A9C00 /* Build configuration list for PBXProject "InfoCenter" */ = {
			isa = XCConfigurationList;
			buildConfigurations = (
				DEB740A51C2095F5004A9C00 /* Debug */,
				DEB740A61C2095F5004A9C00 /* Release */,
			);
			defaultConfigurationIsVisible = 0;
			defaultConfigurationName = Release;
		};
		DEB740A71C2095F5004A9C00 /* Build configuration list for PBXNativeTarget "InfoCenter" */ = {
			isa = XCConfigurationList;
			buildConfigurations = (
				DEB740A81C2095F5004A9C00 /* Debug */,
				DEB740A91C2095F5004A9C00 /* Release */,
			);
			defaultConfigurationIsVisible = 0;
			defaultConfigurationName = Release;
		};
		DEB740AA1C2095F5004A9C00 /* Build configuration list for PBXNativeTarget "InfoCenterTests" */ = {
			isa = XCConfigurationList;
			buildConfigurations = (
				DEB740AB1C2095F5004A9C00 /* Debug */,
				DEB740AC1C2095F5004A9C00 /* Release */,
			);
			defaultConfigurationIsVisible = 0;
			defaultConfigurationName = Release;
		};
		DEB740AD1C2095F5004A9C00 /* Build configuration list for PBXNativeTarget "InfoCenterUITests" */ = {
			isa = XCConfigurationList;
			buildConfigurations = (
				DEB740AE1C2095F5004A9C00 /* Debug */,
				DEB740AF1C2095F5004A9C00 /* Release */,
			);
			defaultConfigurationIsVisible = 0;
			defaultConfigurationName = Release;
		};
/* End XCConfigurationList section */
	};
	rootObject = DEB740771C2095F5004A9C00 /* Project object */;
}
